
Microsoft Visual Studio Solution File, Format Version 12.00
# Visual Studio 14
VisualStudioVersion = 14.0.25420.1
MinimumVisualStudioVersion = 10.0.40219.1
Project("{FAE04EC0-301F-11D3-BF4B-00C04F79EFBC}") = "MusicOnline", "MusicOnline\MusicOnline.csproj", "{27C04350-29C5-462C-9AF3-3CE739617538}"
EndProject
Project("{FAE04EC0-301F-11D3-BF4B-00C04F79EFBC}") = "MusicOnlineDB", "MusicOnlineDB\MusicOnlineDB.csproj", "{D2412E6F-53D7-433C-B4D4-FD1540EB7F38}"
EndProject
Project("{FAE04EC0-301F-11D3-BF4B-00C04F79EFBC}") = "DAO", "DAO\DAO.csproj", "{271594D5-A4E0-4CDA-AEED-D0A6F2A69E42}"
EndProject
Global
	GlobalSection(SolutionConfigurationPlatforms) = preSolution
		Debug|Any CPU = Debug|Any CPU
		Release|Any CPU = Release|Any CPU
	EndGlobalSection
	GlobalSection(ProjectConfigurationPlatforms) = postSolution
		{27C04350-29C5-462C-9AF3-3CE739617538}.Debug|Any CPU.ActiveCfg = Debug|Any CPU
		{27C04350-29C5-462C-9AF3-3CE739617538}.Debug|Any CPU.Build.0 = Debug|Any CPU
		{27C04350-29C5-462C-9AF3-3CE739617538}.Release|Any CPU.ActiveCfg = Release|Any CPU
		{27C04350-29C5-462C-9AF3-3CE739617538}.Release|Any CPU.Build.0 = Release|Any CPU
		{D2412E6F-53D7-433C-B4D4-FD1540EB7F38}.Debug|Any CPU.ActiveCfg = Debug|Any CPU
		{D2412E6F-53D7-433C-B4D4-FD1540EB7F38}.Debug|Any CPU.Build.0 = Debug|Any CPU
		{D2412E6F-53D7-433C-B4D4-FD1540EB7F38}.Release|Any CPU.ActiveCfg = Release|Any CPU
		{D2412E6F-53D7-433C-B4D4-FD1540EB7F38}.Release|Any CPU.Build.0 = Release|Any CPU
		{271594D5-A4E0-4CDA-AEED-D0A6F2A69E42}.Debug|Any CPU.ActiveCfg = Debug|Any CPU
		{271594D5-A4E0-4CDA-AEED-D0A6F2A69E42}.Debug|Any CPU.Build.0 = Debug|Any CPU
		{271594D5-A4E0-4CDA-AEED-D0A6F2A69E42}.Release|Any CPU.ActiveCfg = Release|Any CPU
		{271594D5-A4E0-4CDA-AEED-D0A6F2A69E42}.Release|Any CPU.Build.0 = Release|Any CPU
	EndGlobalSection
	GlobalSection(SolutionProperties) = preSolution
		HideSolutionNode = FALSE
	EndGlobalSection
EndGlobal
